
Microsoft Visual Studio Solution File, Format Version 12.00
# Visual Studio Version 17
VisualStudioVersion = 17.5.33424.131
MinimumVisualStudioVersion = 10.0.40219.1
Project("{FAE04EC0-301F-11D3-BF4B-00C04F79EFBC}") = "StackoverflowAddon", "StackoverflowAddon.csproj", "{B003F2A6-293E-473F-A2B6-8726A64B52D8}"
EndProject
Project("{FAE04EC0-301F-11D3-BF4B-00C04F79EFBC}") = "Tests", "..\Tests\Tests.csproj", "{6D1D394C-2470-4242-B199-274DD1DF7547}"
EndProject
Global
	GlobalSection(SolutionConfigurationPlatforms) = preSolution
		Debug|Any CPU = Debug|Any CPU
		Release|Any CPU = Release|Any CPU
	EndGlobalSection
	GlobalSection(ProjectConfigurationPlatforms) = postSolution
		{B003F2A6-293E-473F-A2B6-8726A64B52D8}.Debug|Any CPU.ActiveCfg = Debug|Any CPU
		{B003F2A6-293E-473F-A2B6-8726A64B52D8}.Debug|Any CPU.Build.0 = Debug|Any CPU
		{B003F2A6-293E-473F-A2B6-8726A64B52D8}.Release|Any CPU.ActiveCfg = Release|Any CPU
		{B003F2A6-293E-473F-A2B6-8726A64B52D8}.Release|Any CPU.Build.0 = Release|Any CPU
		{6D1D394C-2470-4242-B199-274DD1DF7547}.Debug|Any CPU.ActiveCfg = Debug|Any CPU
		{6D1D394C-2470-4242-B199-274DD1DF7547}.Debug|Any CPU.Build.0 = Debug|Any CPU
		{6D1D394C-2470-4242-B199-274DD1DF7547}.Release|Any CPU.ActiveCfg = Release|Any CPU
		{6D1D394C-2470-4242-B199-274DD1DF7547}.Release|Any CPU.Build.0 = Release|Any CPU
	EndGlobalSection
	GlobalSection(SolutionProperties) = preSolution
		HideSolutionNode = FALSE
	EndGlobalSection
	GlobalSection(ExtensibilityGlobals) = postSolution
		SolutionGuid = {C38FED81-B13E-4D1D-AB48-2941911585E8}
	EndGlobalSection
EndGlobal
